
Microsoft Visual Studio Solution File, Format Version 12.00
# Visual Studio 15
VisualStudioVersion = 15.0.28307.539
MinimumVisualStudioVersion = 10.0.40219.1
Project("{FAE04EC0-301F-11D3-BF4B-00C04F79EFBC}") = "img_save", "img_save\img_save.csproj", "{3B1423A4-DA56-4628-9F27-88C32B226CAF}"
EndProject
Global
	GlobalSection(SolutionConfigurationPlatforms) = preSolution
		Debug|Any CPU = Debug|Any CPU
		Release|Any CPU = Release|Any CPU
	EndGlobalSection
	GlobalSection(ProjectConfigurationPlatforms) = postSolution
		{3B1423A4-DA56-4628-9F27-88C32B226CAF}.Debug|Any CPU.ActiveCfg = Debug|Any CPU
		{3B1423A4-DA56-4628-9F27-88C32B226CAF}.Debug|Any CPU.Build.0 = Debug|Any CPU
		{3B1423A4-DA56-4628-9F27-88C32B226CAF}.Release|Any CPU.ActiveCfg = Release|Any CPU
		{3B1423A4-DA56-4628-9F27-88C32B226CAF}.Release|Any CPU.Build.0 = Release|Any CPU
	EndGlobalSection
	GlobalSection(SolutionProperties) = preSolution
		HideSolutionNode = FALSE
	EndGlobalSection
	GlobalSection(ExtensibilityGlobals) = postSolution
		SolutionGuid = {8D97DF2F-7629-4DE4-A174-AF4B2432F09D}
	EndGlobalSection
EndGlobal
